
Microsoft Visual Studio Solution File, Format Version 12.00
# Visual Studio Version 17
VisualStudioVersion = 17.5.33627.172
MinimumVisualStudioVersion = 10.0.40219.1
Project("{FAE04EC0-301F-11D3-BF4B-00C04F79EFBC}") = "UtilityBills-WaiHing.Android", "UtilityBills-WaiHing.Android\UtilityBills-WaiHing.Android.csproj", "{416B3909-12B5-4C3E-BF35-6B5DCF875436}"
EndProject
Project("{FAE04EC0-301F-11D3-BF4B-00C04F79EFBC}") = "UtilityBills-WaiHing.iOS", "UtilityBills-WaiHing.iOS\UtilityBills-WaiHing.iOS.csproj", "{078EB06C-FC3C-4CEC-84F2-6DCC943C81C6}"
EndProject
Project("{FAE04EC0-301F-11D3-BF4B-00C04F79EFBC}") = "UtilityBills-WaiHing", "UtilityBills-WaiHing\UtilityBills-WaiHing.csproj", "{B281D07E-511C-42D6-A35C-E4C0368BD58E}"
EndProject
Global
	GlobalSection(SolutionConfigurationPlatforms) = preSolution
		Debug|Any CPU = Debug|Any CPU
		Debug|iPhone = Debug|iPhone
		Debug|iPhoneSimulator = Debug|iPhoneSimulator
		Release|Any CPU = Release|Any CPU
		Release|iPhone = Release|iPhone
		Release|iPhoneSimulator = Release|iPhoneSimulator
	EndGlobalSection
	GlobalSection(ProjectConfigurationPlatforms) = postSolution
		{416B3909-12B5-4C3E-BF35-6B5DCF875436}.Debug|Any CPU.ActiveCfg = Debug|Any CPU
		{416B3909-12B5-4C3E-BF35-6B5DCF875436}.Debug|Any CPU.Build.0 = Debug|Any CPU
		{416B3909-12B5-4C3E-BF35-6B5DCF875436}.Debug|Any CPU.Deploy.0 = Debug|Any CPU
		{416B3909-12B5-4C3E-BF35-6B5DCF875436}.Debug|iPhone.ActiveCfg = Debug|Any CPU
		{416B3909-12B5-4C3E-BF35-6B5DCF875436}.Debug|iPhone.Build.0 = Debug|Any CPU
		{416B3909-12B5-4C3E-BF35-6B5DCF875436}.Debug|iPhone.Deploy.0 = Debug|Any CPU
		{416B3909-12B5-4C3E-BF35-6B5DCF875436}.Debug|iPhoneSimulator.ActiveCfg = Debug|Any CPU
		{416B3909-12B5-4C3E-BF35-6B5DCF875436}.Debug|iPhoneSimulator.Build.0 = Debug|Any CPU
		{416B3909-12B5-4C3E-BF35-6B5DCF875436}.Debug|iPhoneSimulator.Deploy.0 = Debug|Any CPU
		{416B3909-12B5-4C3E-BF35-6B5DCF875436}.Release|Any CPU.ActiveCfg = Release|Any CPU
		{416B3909-12B5-4C3E-BF35-6B5DCF875436}.Release|Any CPU.Build.0 = Release|Any CPU
		{416B3909-12B5-4C3E-BF35-6B5DCF875436}.Release|Any CPU.Deploy.0 = Release|Any CPU
		{416B3909-12B5-4C3E-BF35-6B5DCF875436}.Release|iPhone.ActiveCfg = Release|Any CPU
		{416B3909-12B5-4C3E-BF35-6B5DCF875436}.Release|iPhone.Build.0 = Release|Any CPU
		{416B3909-12B5-4C3E-BF35-6B5DCF875436}.Release|iPhone.Deploy.0 = Release|Any CPU
		{416B3909-12B5-4C3E-BF35-6B5DCF875436}.Release|iPhoneSimulator.ActiveCfg = Release|Any CPU
		{416B3909-12B5-4C3E-BF35-6B5DCF875436}.Release|iPhoneSimulator.Build.0 = Release|Any CPU
		{416B3909-12B5-4C3E-BF35-6B5DCF875436}.Release|iPhoneSimulator.Deploy.0 = Release|Any CPU
		{078EB06C-FC3C-4CEC-84F2-6DCC943C81C6}.Debug|Any CPU.ActiveCfg = Debug|iPhone
		{078EB06C-FC3C-4CEC-84F2-6DCC943C81C6}.Debug|Any CPU.Build.0 = Debug|iPhone
		{078EB06C-FC3C-4CEC-84F2-6DCC943C81C6}.Debug|Any CPU.Deploy.0 = Debug|iPhone
		{078EB06C-FC3C-4CEC-84F2-6DCC943C81C6}.Debug|iPhone.ActiveCfg = Debug|iPhone
		{078EB06C-FC3C-4CEC-84F2-6DCC943C81C6}.Debug|iPhone.Build.0 = Debug|iPhone
		{078EB06C-FC3C-4CEC-84F2-6DCC943C81C6}.Debug|iPhone.Deploy.0 = Debug|iPhone
		{078EB06C-FC3C-4CEC-84F2-6DCC943C81C6}.Debug|iPhoneSimulator.ActiveCfg = Debug|iPhoneSimulator
		{078EB06C-FC3C-4CEC-84F2-6DCC943C81C6}.Debug|iPhoneSimulator.Build.0 = Debug|iPhoneSimulator
		{078EB06C-FC3C-4CEC-84F2-6DCC943C81C6}.Debug|iPhoneSimulator.Deploy.0 = Debug|iPhoneSimulator
		{078EB06C-FC3C-4CEC-84F2-6DCC943C81C6}.Release|Any CPU.ActiveCfg = Release|iPhoneSimulator
		{078EB06C-FC3C-4CEC-84F2-6DCC943C81C6}.Release|Any CPU.Build.0 = Release|iPhoneSimulator
		{078EB06C-FC3C-4CEC-84F2-6DCC943C81C6}.Release|Any CPU.Deploy.0 = Release|iPhoneSimulator
		{078EB06C-FC3C-4CEC-84F2-6DCC943C81C6}.Release|iPhone.ActiveCfg = Release|iPhone
		{078EB06C-FC3C-4CEC-84F2-6DCC943C81C6}.Release|iPhone.Build.0 = Release|iPhone
		{078EB06C-FC3C-4CEC-84F2-6DCC943C81C6}.Release|iPhone.Deploy.0 = Release|iPhone
		{078EB06C-FC3C-4CEC-84F2-6DCC943C81C6}.Release|iPhoneSimulator.ActiveCfg = Release|iPhoneSimulator
		{078EB06C-FC3C-4CEC-84F2-6DCC943C81C6}.Release|iPhoneSimulator.Build.0 = Release|iPhoneSimulator
		{078EB06C-FC3C-4CEC-84F2-6DCC943C81C6}.Release|iPhoneSimulator.Deploy.0 = Release|iPhoneSimulator
		{B281D07E-511C-42D6-A35C-E4C0368BD58E}.Debug|Any CPU.ActiveCfg = Debug|Any CPU
		{B281D07E-511C-42D6-A35C-E4C0368BD58E}.Debug|Any CPU.Build.0 = Debug|Any CPU
		{B281D07E-511C-42D6-A35C-E4C0368BD58E}.Debug|Any CPU.Deploy.0 = Debug|Any CPU
		{B281D07E-511C-42D6-A35C-E4C0368BD58E}.Debug|iPhone.ActiveCfg = Debug|Any CPU
		{B281D07E-511C-42D6-A35C-E4C0368BD58E}.Debug|iPhone.Build.0 = Debug|Any CPU
		{B281D07E-511C-42D6-A35C-E4C0368BD58E}.Debug|iPhone.Deploy.0 = Debug|Any CPU
		{B281D07E-511C-42D6-A35C-E4C0368BD58E}.Debug|iPhoneSimulator.ActiveCfg = Debug|Any CPU
		{B281D07E-511C-42D6-A35C-E4C0368BD58E}.Debug|iPhoneSimulator.Build.0 = Debug|Any CPU
		{B281D07E-511C-42D6-A35C-E4C0368BD58E}.Debug|iPhoneSimulator.Deploy.0 = Debug|Any CPU
		{B281D07E-511C-42D6-A35C-E4C0368BD58E}.Release|Any CPU.ActiveCfg = Release|Any CPU
		{B281D07E-511C-42D6-A35C-E4C0368BD58E}.Release|Any CPU.Build.0 = Release|Any CPU
		{B281D07E-511C-42D6-A35C-E4C0368BD58E}.Release|Any CPU.Deploy.0 = Release|Any CPU
		{B281D07E-511C-42D6-A35C-E4C0368BD58E}.Release|iPhone.ActiveCfg = Release|Any CPU
		{B281D07E-511C-42D6-A35C-E4C0368BD58E}.Release|iPhone.Build.0 = Release|Any CPU
		{B281D07E-511C-42D6-A35C-E4C0368BD58E}.Release|iPhone.Deploy.0 = Release|Any CPU
		{B281D07E-511C-42D6-A35C-E4C0368BD58E}.Release|iPhoneSimulator.ActiveCfg = Release|Any CPU
		{B281D07E-511C-42D6-A35C-E4C0368BD58E}.Release|iPhoneSimulator.Build.0 = Release|Any CPU
		{B281D07E-511C-42D6-A35C-E4C0368BD58E}.Release|iPhoneSimulator.Deploy.0 = Release|Any CPU
	EndGlobalSection
	GlobalSection(SolutionProperties) = preSolution
		HideSolutionNode = FALSE
	EndGlobalSection
	GlobalSection(ExtensibilityGlobals) = postSolution
		SolutionGuid = {FAFDED7A-AE0F-40F1-941A-42EFF3A71B47}
	EndGlobalSection
EndGlobal
